
Microsoft Visual Studio Solution File, Format Version 12.00
# Visual Studio Version 16
VisualStudioVersion = 16.0.30204.135
MinimumVisualStudioVersion = 10.0.40219.1
Project("{FAE04EC0-301F-11D3-BF4B-00C04F79EFBC}") = "AlkoBot", "AlkoBot.csproj", "{766B5B1C-B79C-48F2-827E-03F169C8AC59}"
EndProject
Global
	GlobalSection(SolutionConfigurationPlatforms) = preSolution
		Debug|Any CPU = Debug|Any CPU
		Release|Any CPU = Release|Any CPU
	EndGlobalSection
	GlobalSection(ProjectConfigurationPlatforms) = postSolution
		{766B5B1C-B79C-48F2-827E-03F169C8AC59}.Debug|Any CPU.ActiveCfg = Debug|Any CPU
		{766B5B1C-B79C-48F2-827E-03F169C8AC59}.Debug|Any CPU.Build.0 = Debug|Any CPU
		{766B5B1C-B79C-48F2-827E-03F169C8AC59}.Release|Any CPU.ActiveCfg = Release|Any CPU
		{766B5B1C-B79C-48F2-827E-03F169C8AC59}.Release|Any CPU.Build.0 = Release|Any CPU
	EndGlobalSection
	GlobalSection(SolutionProperties) = preSolution
		HideSolutionNode = FALSE
	EndGlobalSection
	GlobalSection(ExtensibilityGlobals) = postSolution
		SolutionGuid = {64EEF65F-DCF7-42D9-B96F-6A26C8DFCAC2}
	EndGlobalSection
EndGlobal
